
Microsoft Visual Studio Solution File, Format Version 12.00
# Visual Studio Version 16
VisualStudioVersion = 16.0.32106.194
MinimumVisualStudioVersion = 10.0.40219.1
Project("{FAE04EC0-301F-11D3-BF4B-00C04F79EFBC}") = "IterationsStatement3", "IterationsStatement3\IterationsStatement3.csproj", "{47D05637-A6C5-455E-8560-EA10935C5C91}"
EndProject
Global
	GlobalSection(SolutionConfigurationPlatforms) = preSolution
		Debug|Any CPU = Debug|Any CPU
		Release|Any CPU = Release|Any CPU
	EndGlobalSection
	GlobalSection(ProjectConfigurationPlatforms) = postSolution
		{47D05637-A6C5-455E-8560-EA10935C5C91}.Debug|Any CPU.ActiveCfg = Debug|Any CPU
		{47D05637-A6C5-455E-8560-EA10935C5C91}.Debug|Any CPU.Build.0 = Debug|Any CPU
		{47D05637-A6C5-455E-8560-EA10935C5C91}.Release|Any CPU.ActiveCfg = Release|Any CPU
		{47D05637-A6C5-455E-8560-EA10935C5C91}.Release|Any CPU.Build.0 = Release|Any CPU
	EndGlobalSection
	GlobalSection(SolutionProperties) = preSolution
		HideSolutionNode = FALSE
	EndGlobalSection
	GlobalSection(ExtensibilityGlobals) = postSolution
		SolutionGuid = {CFDF1CFE-EBCC-4400-983E-57AB09BBDF68}
	EndGlobalSection
EndGlobal
